
Microsoft Visual Studio Solution File, Format Version 12.00
# Visual Studio 2012
Project("{8BC9CEB8-8B4A-11D0-8D11-00A0C91BC942}") = "ProofTreeInterpreter", "ProofTreeInterpreter\ProofTreeInterpreter.vcxproj", "{0993CE81-FF7A-4367-9196-2B3419E64DA4}"
EndProject
Global
	GlobalSection(SolutionConfigurationPlatforms) = preSolution
		Debug|Win32 = Debug|Win32
		Release|Win32 = Release|Win32
	EndGlobalSection
	GlobalSection(ProjectConfigurationPlatforms) = postSolution
		{0993CE81-FF7A-4367-9196-2B3419E64DA4}.Debug|Win32.ActiveCfg = Debug|Win32
		{0993CE81-FF7A-4367-9196-2B3419E64DA4}.Debug|Win32.Build.0 = Debug|Win32
		{0993CE81-FF7A-4367-9196-2B3419E64DA4}.Release|Win32.ActiveCfg = Release|Win32
		{0993CE81-FF7A-4367-9196-2B3419E64DA4}.Release|Win32.Build.0 = Release|Win32
	EndGlobalSection
	GlobalSection(SolutionProperties) = preSolution
		HideSolutionNode = FALSE
	EndGlobalSection
EndGlobal
